<?xml version="1.0" encoding="utf-8"?>
<Project ToolsVersion="4.0" xmlns="http://schemas.microsoft.com/developer/msbuild/2003">
  <ItemGroup>
    <Filter Include="BaseEngine">
      <UniqueIdentifier>{b23fa992-6def-4b2e-9513-ab6e29e2f874}</UniqueIdentifier>
    </Filter>
    <Filter Include="BaseEngine\Header Files">
      <UniqueIdentifier>{93995380-89BD-4b04-88EB-625FBE52EBFB}</UniqueIdentifier>
      <Extensions>h;hpp;hxx;hm;inl;inc;xsd</Extensions>
    </Filter>
    <Filter Include="BaseEngine\Header Files\Core">
      <UniqueIdentifier>{b2e7b9fa-9eca-4ed4-9705-5c2648dd99af}</UniqueIdentifier>
    </Filter>
    <Filter Include="BaseEngine\Header Files\Engine">
      <UniqueIdentifier>{6aa5ec21-16a7-4a06-aea4-ee5a0b270c46}</UniqueIdentifier>
    </Filter>
    <Filter Include="BaseEngine\Source Files">
      <UniqueIdentifier>{4FC737F1-C7A5-4376-A066-2A32D752A2FF}</UniqueIdentifier>
      <Extensions>cpp;c;cc;cxx;def;odl;idl;hpj;bat;asm;asmx</Extensions>
    </Filter>
    <Filter Include="BaseEngine\Source Files\Core">
      <UniqueIdentifier>{c6dd511e-849c-45f2-81fb-8946cc1d50f4}</UniqueIdentifier>
    </Filter>
    <Filter Include="BaseEngine\Source Files\Engine">
      <UniqueIdentifier>{1fde2e91-10ec-4b93-9b2e-268db2264123}</UniqueIdentifier>
    </Filter>
    <Filter Include="BaseEngine\Resource Files">
      <UniqueIdentifier>{67DA6AB6-F800-4c08-8B7A-83BB121AAD01}</UniqueIdentifier>
      <Extensions>rc;ico;cur;bmp;dlg;rc2;rct;bin;rgs;gif;jpg;jpeg;jpe;resx;tiff;tif;png;wav;mfcribbon-ms</Extensions>
    </Filter>
    <Filter Include="Check">
      <UniqueIdentifier>{3998d6cc-6961-41b3-8421-357400428a90}</UniqueIdentifier>
    </Filter>
    <Filter Include="Check\Header Files">
      <UniqueIdentifier>{99c89057-9d5f-48c3-8e36-036af23569a1}</UniqueIdentifier>
    </Filter>
    <Filter Include="Check\Source Files">
      <UniqueIdentifier>{cbdef27b-4973-4761-90b7-a1d726cf9792}</UniqueIdentifier>
    </Filter>
  </ItemGroup>
  <ItemGroup>
    <ClCompile Include="main.cpp">
      <Filter>BaseEngine\Source Files</Filter>
    </ClCompile>
    <ClCompile Include="Src\RSOgreHandler.cpp">
      <Filter>BaseEngine\Source Files\Engine</Filter>
    </ClCompile>
    <ClCompile Include="Src\RSEngineApp.cpp">
      <Filter>BaseEngine\Source Files\Engine</Filter>
    </ClCompile>
    <ClCompile Include="..\Check\CheckScene.cpp">
      <Filter>Check\Source Files</Filter>
    </ClCompile>
    <ClCompile Include="..\Check\CheckGameApp.cpp">
      <Filter>Check\Source Files</Filter>
    </ClCompile>
  </ItemGroup>
  <ItemGroup>
    <ClInclude Include="Include\IOgreHandler.h">
      <Filter>BaseEngine\Header Files\Core</Filter>
    </ClInclude>
    <ClInclude Include="Include\RSEngine.h">
      <Filter>BaseEngine\Header Files</Filter>
    </ClInclude>
    <ClInclude Include="Include\RSDefs.h">
      <Filter>BaseEngine\Header Files\Core</Filter>
    </ClInclude>
    <ClInclude Include="Include\RSUncopyable.h">
      <Filter>BaseEngine\Header Files\Core</Filter>
    </ClInclude>
    <ClInclude Include="Include\RSOgreHandler.h">
      <Filter>BaseEngine\Header Files\Engine</Filter>
    </ClInclude>
    <ClInclude Include="Include\IBaseEngineApp.h">
      <Filter>BaseEngine\Header Files\Core</Filter>
    </ClInclude>
    <ClInclude Include="Include\RSEngineApp.h">
      <Filter>BaseEngine\Header Files\Engine</Filter>
    </ClInclude>
    <ClInclude Include="Include\IBaseGameApp.h">
      <Filter>BaseEngine\Header Files\Core</Filter>
    </ClInclude>
    <ClInclude Include="Include\IScene.h">
      <Filter>BaseEngine\Header Files\Core</Filter>
    </ClInclude>
    <ClInclude Include="..\Check\CheckScene.h">
      <Filter>Check\Header Files</Filter>
    </ClInclude>
    <ClInclude Include="..\Check\CheckGameApp.h">
      <Filter>Check\Header Files</Filter>
    </ClInclude>
  </ItemGroup>
</Project>